
Microsoft Visual Studio Solution File, Format Version 12.00
# Visual Studio Version 17
VisualStudioVersion = 17.1.32407.343
MinimumVisualStudioVersion = 10.0.40219.1
Project("{FAE04EC0-301F-11D3-BF4B-00C04F79EFBC}") = "RetrievalSystem", "./RetrievalSystem\RetrievalSystem.csproj", "{FBE6E7D9-A6C1-4414-A14E-41F893E1C2EE}"
EndProject
Global
	GlobalSection(SolutionConfigurationPlatforms) = preSolution
		Debug|Any CPU = Debug|Any CPU
		Release|Any CPU = Release|Any CPU
	EndGlobalSection
	GlobalSection(ProjectConfigurationPlatforms) = postSolution
		{FBE6E7D9-A6C1-4414-A14E-41F893E1C2EE}.Debug|Any CPU.ActiveCfg = Debug|Any CPU
		{FBE6E7D9-A6C1-4414-A14E-41F893E1C2EE}.Debug|Any CPU.Build.0 = Debug|Any CPU
		{FBE6E7D9-A6C1-4414-A14E-41F893E1C2EE}.Release|Any CPU.ActiveCfg = Release|Any CPU
		{FBE6E7D9-A6C1-4414-A14E-41F893E1C2EE}.Release|Any CPU.Build.0 = Release|Any CPU
	EndGlobalSection
	GlobalSection(SolutionProperties) = preSolution
		HideSolutionNode = FALSE
	EndGlobalSection
	GlobalSection(ExtensibilityGlobals) = postSolution
		SolutionGuid = {B4AA4734-9553-4041-804E-19A0C5FC06BA}
	EndGlobalSection
EndGlobal
